
Microsoft Visual Studio Solution File, Format Version 12.00
# Visual Studio Version 17
VisualStudioVersion = 17.4.33103.184
MinimumVisualStudioVersion = 10.0.40219.1
Project("{FAE04EC0-301F-11D3-BF4B-00C04F79EFBC}") = "Training5", "Training5\Training5.csproj", "{C6AD2BBE-97E1-4F47-BC75-1B54EE321142}"
EndProject
Global
	GlobalSection(SolutionConfigurationPlatforms) = preSolution
		Debug|Any CPU = Debug|Any CPU
		Release|Any CPU = Release|Any CPU
	EndGlobalSection
	GlobalSection(ProjectConfigurationPlatforms) = postSolution
		{C6AD2BBE-97E1-4F47-BC75-1B54EE321142}.Debug|Any CPU.ActiveCfg = Debug|Any CPU
		{C6AD2BBE-97E1-4F47-BC75-1B54EE321142}.Debug|Any CPU.Build.0 = Debug|Any CPU
		{C6AD2BBE-97E1-4F47-BC75-1B54EE321142}.Release|Any CPU.ActiveCfg = Release|Any CPU
		{C6AD2BBE-97E1-4F47-BC75-1B54EE321142}.Release|Any CPU.Build.0 = Release|Any CPU
	EndGlobalSection
	GlobalSection(SolutionProperties) = preSolution
		HideSolutionNode = FALSE
	EndGlobalSection
	GlobalSection(ExtensibilityGlobals) = postSolution
		SolutionGuid = {8A4A55A8-417C-4A5C-9530-A3DB71DE17AE}
	EndGlobalSection
EndGlobal
