
Microsoft Visual Studio Solution File, Format Version 12.00
# Visual Studio Version 17
VisualStudioVersion = 17.4.33103.184
MinimumVisualStudioVersion = 10.0.40219.1
Project("{FAE04EC0-301F-11D3-BF4B-00C04F79EFBC}") = "Training2", "Training2\Training2.csproj", "{7740169A-7657-4272-A19C-AD8A73997696}"
EndProject
Global
	GlobalSection(SolutionConfigurationPlatforms) = preSolution
		Debug|Any CPU = Debug|Any CPU
		Release|Any CPU = Release|Any CPU
	EndGlobalSection
	GlobalSection(ProjectConfigurationPlatforms) = postSolution
		{7740169A-7657-4272-A19C-AD8A73997696}.Debug|Any CPU.ActiveCfg = Debug|Any CPU
		{7740169A-7657-4272-A19C-AD8A73997696}.Debug|Any CPU.Build.0 = Debug|Any CPU
		{7740169A-7657-4272-A19C-AD8A73997696}.Release|Any CPU.ActiveCfg = Release|Any CPU
		{7740169A-7657-4272-A19C-AD8A73997696}.Release|Any CPU.Build.0 = Release|Any CPU
	EndGlobalSection
	GlobalSection(SolutionProperties) = preSolution
		HideSolutionNode = FALSE
	EndGlobalSection
	GlobalSection(ExtensibilityGlobals) = postSolution
		SolutionGuid = {0BA1D200-00A5-4922-9DDC-CB3C1C07DAD6}
	EndGlobalSection
EndGlobal
