
Microsoft Visual Studio Solution File, Format Version 12.00
# Visual Studio Version 17
VisualStudioVersion = 17.4.33103.184
MinimumVisualStudioVersion = 10.0.40219.1
Project("{FAE04EC0-301F-11D3-BF4B-00C04F79EFBC}") = "Training3", "Training3\Training3.csproj", "{A8281A60-800B-4825-98EA-092A91257DF0}"
EndProject
Global
	GlobalSection(SolutionConfigurationPlatforms) = preSolution
		Debug|Any CPU = Debug|Any CPU
		Release|Any CPU = Release|Any CPU
	EndGlobalSection
	GlobalSection(ProjectConfigurationPlatforms) = postSolution
		{A8281A60-800B-4825-98EA-092A91257DF0}.Debug|Any CPU.ActiveCfg = Debug|Any CPU
		{A8281A60-800B-4825-98EA-092A91257DF0}.Debug|Any CPU.Build.0 = Debug|Any CPU
		{A8281A60-800B-4825-98EA-092A91257DF0}.Release|Any CPU.ActiveCfg = Release|Any CPU
		{A8281A60-800B-4825-98EA-092A91257DF0}.Release|Any CPU.Build.0 = Release|Any CPU
	EndGlobalSection
	GlobalSection(SolutionProperties) = preSolution
		HideSolutionNode = FALSE
	EndGlobalSection
	GlobalSection(ExtensibilityGlobals) = postSolution
		SolutionGuid = {F34361F2-168D-4147-9FCB-B529940C963E}
	EndGlobalSection
EndGlobal
